// !$*UTF8*$!
{
	archiveVersion = 1;
	classes = {
	};
	objectVersion = 50;
	objects = {

/* Begin PBXBuildFile section */
		9990BA8C25E8FFCE004B0842 /* AppDelegate.swift in Sources */ = {isa = PBXBuildFile; fileRef = 9990BA8B25E8FFCE004B0842 /* AppDelegate.swift */; };
		9990BA9025E8FFCE004B0842 /* ViewController.swift in Sources */ = {isa = PBXBuildFile; fileRef = 9990BA8F25E8FFCE004B0842 /* ViewController.swift */; };
		9990BA9325E8FFCE004B0842 /* Main.storyboard in Resources */ = {isa = PBXBuildFile; fileRef = 9990BA9125E8FFCE004B0842 /* Main.storyboard */; };
		9990BA9525E8FFD2004B0842 /* Assets.xcassets in Resources */ = {isa = PBXBuildFile; fileRef = 9990BA9425E8FFD2004B0842 /* Assets.xcassets */; };
		9990BA9825E8FFD2004B0842 /* LaunchScreen.storyboard in Resources */ = {isa = PBXBuildFile; fileRef = 9990BA9625E8FFD2004B0842 /* LaunchScreen.storyboard */; };
		9990BAA225E9001D004B0842 /* NavigatorBar.swift in Sources */ = {isa = PBXBuildFile; fileRef = 9990BAA125E9001D004B0842 /* NavigatorBar.swift */; };
		9990BAA725E9041F004B0842 /* HomeViewController.swift in Sources */ = {isa = PBXBuildFile; fileRef = 9990BAA625E9041F004B0842 /* HomeViewController.swift */; };
/* End PBXBuildFile section */

/* Begin PBXFileReference section */
		9990BA8825E8FFCE004B0842 /* NavigatorBar.app */ = {isa = PBXFileReference; explicitFileType = wrapper.application; includeInIndex = 0; path = NavigatorBar.app; sourceTree = BUILT_PRODUCTS_DIR; };
		9990BA8B25E8FFCE004B0842 /* AppDelegate.swift */ = {isa = PBXFileReference; lastKnownFileType = sourcecode.swift; path = AppDelegate.swift; sourceTree = "<group>"; };
		9990BA8F25E8FFCE004B0842 /* ViewController.swift */ = {isa = PBXFileReference; lastKnownFileType = sourcecode.swift; path = ViewController.swift; sourceTree = "<group>"; };
		9990BA9225E8FFCE004B0842 /* Base */ = {isa = PBXFileReference; lastKnownFileType = file.storyboard; name = Base; path = Base.lproj/Main.storyboard; sourceTree = "<group>"; };
		9990BA9425E8FFD2004B0842 /* Assets.xcassets */ = {isa = PBXFileReference; lastKnownFileType = folder.assetcatalog; path = Assets.xcassets; sourceTree = "<group>"; };
		9990BA9725E8FFD2004B0842 /* Base */ = {isa = PBXFileReference; lastKnownFileType = file.storyboard; name = Base; path = Base.lproj/LaunchScreen.storyboard; sourceTree = "<group>"; };
		9990BA9925E8FFD2004B0842 /* Info.plist */ = {isa = PBXFileReference; lastKnownFileType = text.plist.xml; path = Info.plist; sourceTree = "<group>"; };
		9990BAA125E9001D004B0842 /* NavigatorBar.swift */ = {isa = PBXFileReference; lastKnownFileType = sourcecode.swift; path = NavigatorBar.swift; sourceTree = "<group>"; };
		9990BAA625E9041F004B0842 /* HomeViewController.swift */ = {isa = PBXFileReference; lastKnownFileType = sourcecode.swift; path = HomeViewController.swift; sourceTree = "<group>"; };
/* End PBXFileReference section */

/* Begin PBXFrameworksBuildPhase section */
		9990BA8525E8FFCE004B0842 /* Frameworks */ = {
			isa = PBXFrameworksBuildPhase;
			buildActionMask = 2147483647;
			files = (
			);
			runOnlyForDeploymentPostprocessing = 0;
		};
/* End PBXFrameworksBuildPhase section */

/* Begin PBXGroup section */
		9990BA7F25E8FFCE004B0842 = {
			isa = PBXGroup;
			children = (
				9990BA8A25E8FFCE004B0842 /* NavigatorBar */,
				9990BA8925E8FFCE004B0842 /* Products */,
			);
			sourceTree = "<group>";
		};
		9990BA8925E8FFCE004B0842 /* Products */ = {
			isa = PBXGroup;
			children = (
				9990BA8825E8FFCE004B0842 /* NavigatorBar.app */,
			);
			name = Products;
			sourceTree = "<group>";
		};
		9990BA8A25E8FFCE004B0842 /* NavigatorBar */ = {
			isa = PBXGroup;
			children = (
				9990BA8B25E8FFCE004B0842 /* AppDelegate.swift */,
				9990BAA125E9001D004B0842 /* NavigatorBar.swift */,
				9990BA8F25E8FFCE004B0842 /* ViewController.swift */,
				9990BAA625E9041F004B0842 /* HomeViewController.swift */,
				9990BA9125E8FFCE004B0842 /* Main.storyboard */,
				9990BA9425E8FFD2004B0842 /* Assets.xcassets */,
				9990BA9625E8FFD2004B0842 /* LaunchScreen.storyboard */,
				9990BA9925E8FFD2004B0842 /* Info.plist */,
			);
			path = NavigatorBar;
			sourceTree = "<group>";
		};
/* End PBXGroup section */

/* Begin PBXNativeTarget section */
		9990BA8725E8FFCE004B0842 /* NavigatorBar */ = {
			isa = PBXNativeTarget;
			buildConfigurationList = 9990BA9C25E8FFD2004B0842 /* Build configuration list for PBXNativeTarget "NavigatorBar" */;
			buildPhases = (
				9990BA8425E8FFCE004B0842 /* Sources */,
				9990BA8525E8FFCE004B0842 /* Frameworks */,
				9990BA8625E8FFCE004B0842 /* Resources */,
			);
			buildRules = (
			);
			dependencies = (
			);
			name = NavigatorBar;
			productName = NavigatorBar;
			productReference = 9990BA8825E8FFCE004B0842 /* NavigatorBar.app */;
			productType = "com.apple.product-type.application";
		};
/* End PBXNativeTarget section */

/* Begin PBXProject section */
		9990BA8025E8FFCE004B0842 /* Project object */ = {
			isa = PBXProject;
			attributes = {
				LastSwiftUpdateCheck = 1240;
				LastUpgradeCheck = 1240;
				TargetAttributes = {
					9990BA8725E8FFCE004B0842 = {
						CreatedOnToolsVersion = 12.4;
					};
				};
			};
			buildConfigurationList = 9990BA8325E8FFCE004B0842 /* Build configuration list for PBXProject "NavigatorBar" */;
			compatibilityVersion = "Xcode 9.3";
			developmentRegion = en;
			hasScannedForEncodings = 0;
			knownRegions = (
				en,
				Base,
			);
			mainGroup = 9990BA7F25E8FFCE004B0842;
			productRefGroup = 9990BA8925E8FFCE004B0842 /* Products */;
			projectDirPath = "";
			projectRoot = "";
			targets = (
				9990BA8725E8FFCE004B0842 /* NavigatorBar */,
			);
		};
/* End PBXProject section */

/* Begin PBXResourcesBuildPhase section */
		9990BA8625E8FFCE004B0842 /* Resources */ = {
			isa = PBXResourcesBuildPhase;
			buildActionMask = 2147483647;
			files = (
				9990BA9825E8FFD2004B0842 /* LaunchScreen.storyboard in Resources */,
				9990BA9525E8FFD2004B0842 /* Assets.xcassets in Resources */,
				9990BA9325E8FFCE004B0842 /* Main.storyboard in Resources */,
			);
			runOnlyForDeploymentPostprocessing = 0;
		};
/* End PBXResourcesBuildPhase section */

/* Begin PBXSourcesBuildPhase section */
		9990BA8425E8FFCE004B0842 /* Sources */ = {
			isa = PBXSourcesBuildPhase;
			buildActionMask = 2147483647;
			files = (
				9990BA9025E8FFCE004B0842 /* ViewController.swift in Sources */,
				9990BA8C25E8FFCE004B0842 /* AppDelegate.swift in Sources */,
				9990BAA225E9001D004B0842 /* NavigatorBar.swift in Sources */,
				9990BAA725E9041F004B0842 /* HomeViewController.swift in Sources */,
			);
			runOnlyForDeploymentPostprocessing = 0;
		};
/* End PBXSourcesBuildPhase section */

/* Begin PBXVariantGroup section */
		9990BA9125E8FFCE004B0842 /* Main.storyboard */ = {
			isa = PBXVariantGroup;
			children = (
				9990BA9225E8FFCE004B0842 /* Base */,
			);
			name = Main.storyboard;
			sourceTree = "<group>";
		};
		9990BA9625E8FFD2004B0842 /* LaunchScreen.storyboard */ = {
			isa = PBXVariantGroup;
			children = (
				9990BA9725E8FFD2004B0842 /* Base */,
			);
			name = LaunchScreen.storyboard;
			sourceTree = "<group>";
		};
/* End PBXVariantGroup section */

/* Begin XCBuildConfiguration section */
		9990BA9A25E8FFD2004B0842 /* Debug */ = {
			isa = XCBuildConfiguration;
			buildSettings = {
				ALWAYS_SEARCH_USER_PATHS = NO;
				CLANG_ANALYZER_NONNULL = YES;
				CLANG_ANALYZER_NUMBER_OBJECT_CONVERSION = YES_AGGRESSIVE;
				CLANG_CXX_LANGUAGE_STANDARD = "gnu++14";
				CLANG_CXX_LIBRARY = "libc++";
				CLANG_ENABLE_MODULES = YES;
				CLANG_ENABLE_OBJC_ARC = YES;
				CLANG_ENABLE_OBJC_WEAK = YES;
				CLANG_WARN_BLOCK_CAPTURE_AUTORELEASING = YES;
				CLANG_WARN_BOOL_CONVERSION = YES;
				CLANG_WARN_COMMA = YES;
				CLANG_WARN_CONSTANT_CONVERSION = YES;
				CLANG_WARN_DEPRECATED_OBJC_IMPLEMENTATIONS = YES;
				CLANG_WARN_DIRECT_OBJC_ISA_USAGE = YES_ERROR;
				CLANG_WARN_DOCUMENTATION_COMMENTS = YES;
				CLANG_WARN_EMPTY_BODY = YES;
				CLANG_WARN_ENUM_CONVERSION = YES;
				CLANG_WARN_INFINITE_RECURSION = YES;
				CLANG_WARN_INT_CONVERSION = YES;
				CLANG_WARN_NON_LITERAL_NULL_CONVERSION = YES;
				CLANG_WARN_OBJC_IMPLICIT_RETAIN_SELF = YES;
				CLANG_WARN_OBJC_LITERAL_CONVERSION = YES;
				CLANG_WARN_OBJC_ROOT_CLASS = YES_ERROR;
				CLANG_WARN_QUOTED_INCLUDE_IN_FRAMEWORK_HEADER = YES;
				CLANG_WARN_RANGE_LOOP_ANALYSIS = YES;
				CLANG_WARN_STRICT_PROTOTYPES = YES;
				CLANG_WARN_SUSPICIOUS_MOVE = YES;
				CLANG_WARN_UNGUARDED_AVAILABILITY = YES_AGGRESSIVE;
				CLANG_WARN_UNREACHABLE_CODE = YES;
				CLANG_WARN__DUPLICATE_METHOD_MATCH = YES;
				COPY_PHASE_STRIP = NO;
				DEBUG_INFORMATION_FORMAT = dwarf;
				ENABLE_STRICT_OBJC_MSGSEND = YES;
				ENABLE_TESTABILITY = YES;
				GCC_C_LANGUAGE_STANDARD = gnu11;
				GCC_DYNAMIC_NO_PIC = NO;
				GCC_NO_COMMON_BLOCKS = YES;
				GCC_OPTIMIZATION_LEVEL = 0;
				GCC_PREPROCESSOR_DEFINITIONS = (
					"DEBUG=1",
					"$(inherited)",
				);
				GCC_WARN_64_TO_32_BIT_CONVERSION = YES;
				GCC_WARN_ABOUT_RETURN_TYPE = YES_ERROR;
				GCC_WARN_UNDECLARED_SELECTOR = YES;
				GCC_WARN_UNINITIALIZED_AUTOS = YES_AGGRESSIVE;
				GCC_WARN_UNUSED_FUNCTION = YES;
				GCC_WARN_UNUSED_VARIABLE = YES;
				IPHONEOS_DEPLOYMENT_TARGET = 14.4;
				MTL_ENABLE_DEBUG_INFO = INCLUDE_SOURCE;
				MTL_FAST_MATH = YES;
				ONLY_ACTIVE_ARCH = YES;
				SDKROOT = iphoneos;
				SWIFT_ACTIVE_COMPILATION_CONDITIONS = DEBUG;
				SWIFT_OPTIMIZATION_LEVEL = "-Onone";
			};
			name = Debug;
		};
		9990BA9B25E8FFD2004B0842 /* Release */ = {
			isa = XCBuildConfiguration;
			buildSettings = {
				ALWAYS_SEARCH_USER_PATHS = NO;
				CLANG_ANALYZER_NONNULL = YES;
				CLANG_ANALYZER_NUMBER_OBJECT_CONVERSION = YES_AGGRESSIVE;
				CLANG_CXX_LANGUAGE_STANDARD = "gnu++14";
				CLANG_CXX_LIBRARY = "libc++";
				CLANG_ENABLE_MODULES = YES;
				CLANG_ENABLE_OBJC_ARC = YES;
				CLANG_ENABLE_OBJC_WEAK = YES;
				CLANG_WARN_BLOCK_CAPTURE_AUTORELEASING = YES;
				CLANG_WARN_BOOL_CONVERSION = YES;
				CLANG_WARN_COMMA = YES;
				CLANG_WARN_CONSTANT_CONVERSION = YES;
				CLANG_WARN_DEPRECATED_OBJC_IMPLEMENTATIONS = YES;
				CLANG_WARN_DIRECT_OBJC_ISA_USAGE = YES_ERROR;
				CLANG_WARN_DOCUMENTATION_COMMENTS = YES;
				CLANG_WARN_EMPTY_BODY = YES;
				CLANG_WARN_ENUM_CONVERSION = YES;
				CLANG_WARN_INFINITE_RECURSION = YES;
				CLANG_WARN_INT_CONVERSION = YES;
				CLANG_WARN_NON_LITERAL_NULL_CONVERSION = YES;
				CLANG_WARN_OBJC_IMPLICIT_RETAIN_SELF = YES;
				CLANG_WARN_OBJC_LITERAL_CONVERSION = YES;
				CLANG_WARN_OBJC_ROOT_CLASS = YES_ERROR;
				CLANG_WARN_QUOTED_INCLUDE_IN_FRAMEWORK_HEADER = YES;
				CLANG_WARN_RANGE_LOOP_ANALYSIS = YES;
				CLANG_WARN_STRICT_PROTOTYPES = YES;
				CLANG_WARN_SUSPICIOUS_MOVE = YES;
				CLANG_WARN_UNGUARDED_AVAILABILITY = YES_AGGRESSIVE;
				CLANG_WARN_UNREACHABLE_CODE = YES;
				CLANG_WARN__DUPLICATE_METHOD_MATCH = YES;
				COPY_PHASE_STRIP = NO;
				DEBUG_INFORMATION_FORMAT = "dwarf-with-dsym";
				ENABLE_NS_ASSERTIONS = NO;
				ENABLE_STRICT_OBJC_MSGSEND = YES;
				GCC_C_LANGUAGE_STANDARD = gnu11;
				GCC_NO_COMMON_BLOCKS = YES;
				GCC_WARN_64_TO_32_BIT_CONVERSION = YES;
				GCC_WARN_ABOUT_RETURN_TYPE = YES_ERROR;
				GCC_WARN_UNDECLARED_SELECTOR = YES;
				GCC_WARN_UNINITIALIZED_AUTOS = YES_AGGRESSIVE;
				GCC_WARN_UNUSED_FUNCTION = YES;
				GCC_WARN_UNUSED_VARIABLE = YES;
				IPHONEOS_DEPLOYMENT_TARGET = 14.4;
				MTL_ENABLE_DEBUG_INFO = NO;
				MTL_FAST_MATH = YES;
				SDKROOT = iphoneos;
				SWIFT_COMPILATION_MODE = wholemodule;
				SWIFT_OPTIMIZATION_LEVEL = "-O";
				VALIDATE_PRODUCT = YES;
			};
			name = Release;
		};
		9990BA9D25E8FFD2004B0842 /* Debug */ = {
			isa = XCBuildConfiguration;
			buildSettings = {
				ASSETCATALOG_COMPILER_APPICON_NAME = AppIcon;
				ASSETCATALOG_COMPILER_GLOBAL_ACCENT_COLOR_NAME = AccentColor;
				CODE_SIGN_STYLE = Automatic;
				INFOPLIST_FILE = NavigatorBar/Info.plist;
				LD_RUNPATH_SEARCH_PATHS = (
					"$(inherited)",
					"@executable_path/Frameworks",
				);
				PRODUCT_BUNDLE_IDENTIFIER = com.poisson.NavigatorBar;
				PRODUCT_NAME = "$(TARGET_NAME)";
				SWIFT_VERSION = 5.0;
				TARGETED_DEVICE_FAMILY = "1,2";
			};
			name = Debug;
		};
		9990BA9E25E8FFD2004B0842 /* Release */ = {
			isa = XCBuildConfiguration;
			buildSettings = {
				ASSETCATALOG_COMPILER_APPICON_NAME = AppIcon;
				ASSETCATALOG_COMPILER_GLOBAL_ACCENT_COLOR_NAME = AccentColor;
				CODE_SIGN_STYLE = Automatic;
				INFOPLIST_FILE = NavigatorBar/Info.plist;
				LD_RUNPATH_SEARCH_PATHS = (
					"$(inherited)",
					"@executable_path/Frameworks",
				);
				PRODUCT_BUNDLE_IDENTIFIER = com.poisson.NavigatorBar;
				PRODUCT_NAME = "$(TARGET_NAME)";
				SWIFT_VERSION = 5.0;
				TARGETED_DEVICE_FAMILY = "1,2";
			};
			name = Release;
		};
/* End XCBuildConfiguration section */

/* Begin XCConfigurationList section */
		9990BA8325E8FFCE004B0842 /* Build configuration list for PBXProject "NavigatorBar" */ = {
			isa = XCConfigurationList;
			buildConfigurations = (
				9990BA9A25E8FFD2004B0842 /* Debug */,
				9990BA9B25E8FFD2004B0842 /* Release */,
			);
			defaultConfigurationIsVisible = 0;
			defaultConfigurationName = Release;
		};
		9990BA9C25E8FFD2004B0842 /* Build configuration list for PBXNativeTarget "NavigatorBar" */ = {
			isa = XCConfigurationList;
			buildConfigurations = (
				9990BA9D25E8FFD2004B0842 /* Debug */,
				9990BA9E25E8FFD2004B0842 /* Release */,
			);
			defaultConfigurationIsVisible = 0;
			defaultConfigurationName = Release;
		};
/* End XCConfigurationList section */
	};
	rootObject = 9990BA8025E8FFCE004B0842 /* Project object */;
}
